
Microsoft Visual Studio Solution File, Format Version 12.00
# Visual Studio Version 17
VisualStudioVersion = 17.3.32929.385
MinimumVisualStudioVersion = 10.0.40219.1
Project("{FAE04EC0-301F-11D3-BF4B-00C04F79EFBC}") = "HospitalManagement_API", "HospitalManagement_API\HospitalManagement_API.csproj", "{ABD59652-183D-462A-A417-C8B3A6F651D0}"
EndProject
Global
	GlobalSection(SolutionConfigurationPlatforms) = preSolution
		Debug|Any CPU = Debug|Any CPU
		Release|Any CPU = Release|Any CPU
	EndGlobalSection
	GlobalSection(ProjectConfigurationPlatforms) = postSolution
		{ABD59652-183D-462A-A417-C8B3A6F651D0}.Debug|Any CPU.ActiveCfg = Debug|Any CPU
		{ABD59652-183D-462A-A417-C8B3A6F651D0}.Debug|Any CPU.Build.0 = Debug|Any CPU
		{ABD59652-183D-462A-A417-C8B3A6F651D0}.Release|Any CPU.ActiveCfg = Release|Any CPU
		{ABD59652-183D-462A-A417-C8B3A6F651D0}.Release|Any CPU.Build.0 = Release|Any CPU
	EndGlobalSection
	GlobalSection(SolutionProperties) = preSolution
		HideSolutionNode = FALSE
	EndGlobalSection
	GlobalSection(ExtensibilityGlobals) = postSolution
		SolutionGuid = {0DD3814D-BB3A-4751-9C56-2017139BD042}
	EndGlobalSection
EndGlobal
